hash: 3a8703570da8ca44c66d0f44a6652fc80fdf872c73a97d60b8e70325ccd34c63
updated: 2016-05-23T09:03:20.816443192-04:00
imports:
- name: github.com/cloudfoundry-community/go-cfenv
  version: 18fa650ff6b7b4f6bd8f8611408d1533eb54a918
- name: github.com/cloudnativego/cf-tools
  version: f59655db37a9fbf2c5cf9095211b9950ff2dab24
- name: github.com/cloudnativego/drones-common
  version: 0376ddcc3a625f0f8fa12be6303f22992c0df154
- name: github.com/codegangsta/negroni
  version: ffbc66b612ee3eac2eba29aedce4c3a65e4dd0a1
- name: github.com/gorilla/context
  version: a8d44e7d8e4d532b6a27a02dd82abb31cc1b01bd
- name: github.com/gorilla/mux
  version: 9c19ed558d5df4da88e2ade9c8940d742aef0e7e
- name: github.com/mitchellh/mapstructure
  version: d2dd0262208475919e1a362f675cfc0e7c10e905
- name: github.com/streadway/amqp
  version: 2e25825abdbd7752ff08b270d313b93519a0a232
- name: github.com/unrolled/render
  version: 198ad4d8b8a4612176b804ca10555b222a086b40
devImports: []
